
Microsoft Visual Studio Solution File, Format Version 11.00
# Visual Studio 2010
Project("{FAE04EC0-301F-11D3-BF4B-00C04F79EFBC}") = "TransformationControlWindowService", "TransformationControlWindowService.csproj", "{938CA67D-9ED1-45F2-8209-FFFA38A42378}"
EndProject
Global
	GlobalSection(TeamFoundationVersionControl) = preSolution
		SccNumberOfProjects = 1
		SccEnterpriseProvider = {4CA58AB2-18FA-4F8D-95D4-32DDF27D184C}
		SccTeamFoundationServer = http://useaihp877:8080/tfs/maincollection
		SccProjectUniqueName0 = TransformationControlWindowService.csproj
		SccProjectName0 = .
		SccAuxPath0 = http://useaihp877:8080/tfs/maincollection
		SccLocalPath0 = .
		SccProvider0 = {4CA58AB2-18FA-4F8D-95D4-32DDF27D184C}
	EndGlobalSection
	GlobalSection(SolutionConfigurationPlatforms) = preSolution
		Debug|Any CPU = Debug|Any CPU
		Debug|x86 = Debug|x86
		Release|Any CPU = Release|Any CPU
		Release|x86 = Release|x86
	EndGlobalSection
	GlobalSection(ProjectConfigurationPlatforms) = postSolution
		{938CA67D-9ED1-45F2-8209-FFFA38A42378}.Debug|Any CPU.ActiveCfg = Debug|Any CPU
		{938CA67D-9ED1-45F2-8209-FFFA38A42378}.Debug|Any CPU.Build.0 = Debug|Any CPU
		{938CA67D-9ED1-45F2-8209-FFFA38A42378}.Debug|x86.ActiveCfg = Debug|x86
		{938CA67D-9ED1-45F2-8209-FFFA38A42378}.Debug|x86.Build.0 = Debug|x86
		{938CA67D-9ED1-45F2-8209-FFFA38A42378}.Release|Any CPU.ActiveCfg = Release|Any CPU
		{938CA67D-9ED1-45F2-8209-FFFA38A42378}.Release|Any CPU.Build.0 = Release|Any CPU
		{938CA67D-9ED1-45F2-8209-FFFA38A42378}.Release|x86.ActiveCfg = Release|x86
		{938CA67D-9ED1-45F2-8209-FFFA38A42378}.Release|x86.Build.0 = Release|x86
	EndGlobalSection
	GlobalSection(SolutionProperties) = preSolution
		HideSolutionNode = FALSE
	EndGlobalSection
EndGlobal
